// !$*UTF8*$!
{
	archiveVersion = 1;
	classes = {
	};
	objectVersion = 50;
	objects = {

/* Begin PBXBuildFile section */
		E435980C25FE6943005A0062 /* TableViewHeaderFooterView.swift in Sources */ = {isa = PBXBuildFile; fileRef = E435980B25FE6943005A0062 /* TableViewHeaderFooterView.swift */; };
		E435980F25FE694A005A0062 /* CovidTVCell.swift in Sources */ = {isa = PBXBuildFile; fileRef = E435980E25FE694A005A0062 /* CovidTVCell.swift */; };
		E4AB851825F67273006A0336 /* AppDelegate.swift in Sources */ = {isa = PBXBuildFile; fileRef = E4AB851725F67273006A0336 /* AppDelegate.swift */; };
		E4AB851A25F67273006A0336 /* SceneDelegate.swift in Sources */ = {isa = PBXBuildFile; fileRef = E4AB851925F67273006A0336 /* SceneDelegate.swift */; };
		E4AB851F25F67273006A0336 /* Covid.storyboard in Resources */ = {isa = PBXBuildFile; fileRef = E4AB851D25F67273006A0336 /* Covid.storyboard */; };
		E4AB852125F67275006A0336 /* Assets.xcassets in Resources */ = {isa = PBXBuildFile; fileRef = E4AB852025F67275006A0336 /* Assets.xcassets */; };
		E4AB852425F67275006A0336 /* LaunchScreen.storyboard in Resources */ = {isa = PBXBuildFile; fileRef = E4AB852225F67275006A0336 /* LaunchScreen.storyboard */; };
		E4AB852D25F673DD006A0336 /* Covid19Data.swift in Sources */ = {isa = PBXBuildFile; fileRef = E4AB852C25F673DD006A0336 /* Covid19Data.swift */; };
		E4AB853625F676E3006A0336 /* NetworkManager.swift in Sources */ = {isa = PBXBuildFile; fileRef = E4AB853525F676E3006A0336 /* NetworkManager.swift */; };
		E632C69E25FCED2800772AC6 /* PageVC.swift in Sources */ = {isa = PBXBuildFile; fileRef = E632C69D25FCED2800772AC6 /* PageVC.swift */; };
		E632C6A225FCF68A00772AC6 /* ContentForPageVC.swift in Sources */ = {isa = PBXBuildFile; fileRef = E632C6A125FCF68A00772AC6 /* ContentForPageVC.swift */; };
		E6D250CB25FD3A95003EF7A9 /* CovidTVC.swift in Sources */ = {isa = PBXBuildFile; fileRef = E6D250CA25FD3A95003EF7A9 /* CovidTVC.swift */; };
		E6E160AF25FC943200F45F5D /* Constants.swift in Sources */ = {isa = PBXBuildFile; fileRef = E6E160AE25FC943200F45F5D /* Constants.swift */; };
		E6E160B725FCA03900F45F5D /* CovidVC.swift in Sources */ = {isa = PBXBuildFile; fileRef = E6E160B625FCA03900F45F5D /* CovidVC.swift */; };
		E6E160BA25FCA0AF00F45F5D /* Extensions.swift in Sources */ = {isa = PBXBuildFile; fileRef = E6E160B925FCA0AF00F45F5D /* Extensions.swift */; };
/* End PBXBuildFile section */

/* Begin PBXFileReference section */
		E435980B25FE6943005A0062 /* TableViewHeaderFooterView.swift */ = {isa = PBXFileReference; fileEncoding = 4; lastKnownFileType = sourcecode.swift; path = TableViewHeaderFooterView.swift; sourceTree = "<group>"; };
		E435980E25FE694A005A0062 /* CovidTVCell.swift */ = {isa = PBXFileReference; fileEncoding = 4; lastKnownFileType = sourcecode.swift; path = CovidTVCell.swift; sourceTree = "<group>"; };
		E4AB851425F67273006A0336 /* TestApi.app */ = {isa = PBXFileReference; explicitFileType = wrapper.application; includeInIndex = 0; path = TestApi.app; sourceTree = BUILT_PRODUCTS_DIR; };
		E4AB851725F67273006A0336 /* AppDelegate.swift */ = {isa = PBXFileReference; lastKnownFileType = sourcecode.swift; path = AppDelegate.swift; sourceTree = "<group>"; };
		E4AB851925F67273006A0336 /* SceneDelegate.swift */ = {isa = PBXFileReference; lastKnownFileType = sourcecode.swift; path = SceneDelegate.swift; sourceTree = "<group>"; };
		E4AB851E25F67273006A0336 /* Base */ = {isa = PBXFileReference; lastKnownFileType = file.storyboard; name = Base; path = Base.lproj/Covid.storyboard; sourceTree = "<group>"; };
		E4AB852025F67275006A0336 /* Assets.xcassets */ = {isa = PBXFileReference; lastKnownFileType = folder.assetcatalog; path = Assets.xcassets; sourceTree = "<group>"; };
		E4AB852325F67275006A0336 /* Base */ = {isa = PBXFileReference; lastKnownFileType = file.storyboard; name = Base; path = Base.lproj/LaunchScreen.storyboard; sourceTree = "<group>"; };
		E4AB852525F67275006A0336 /* Info.plist */ = {isa = PBXFileReference; lastKnownFileType = text.plist.xml; path = Info.plist; sourceTree = "<group>"; };
		E4AB852C25F673DD006A0336 /* Covid19Data.swift */ = {isa = PBXFileReference; lastKnownFileType = sourcecode.swift; path = Covid19Data.swift; sourceTree = "<group>"; };
		E4AB853525F676E3006A0336 /* NetworkManager.swift */ = {isa = PBXFileReference; lastKnownFileType = sourcecode.swift; path = NetworkManager.swift; sourceTree = "<group>"; };
		E632C69D25FCED2800772AC6 /* PageVC.swift */ = {isa = PBXFileReference; lastKnownFileType = sourcecode.swift; path = PageVC.swift; sourceTree = "<group>"; };
		E632C6A125FCF68A00772AC6 /* ContentForPageVC.swift */ = {isa = PBXFileReference; lastKnownFileType = sourcecode.swift; path = ContentForPageVC.swift; sourceTree = "<group>"; };
		E6D250CA25FD3A95003EF7A9 /* CovidTVC.swift */ = {isa = PBXFileReference; lastKnownFileType = sourcecode.swift; path = CovidTVC.swift; sourceTree = "<group>"; };
		E6E160AE25FC943200F45F5D /* Constants.swift */ = {isa = PBXFileReference; lastKnownFileType = sourcecode.swift; path = Constants.swift; sourceTree = "<group>"; };
		E6E160B625FCA03900F45F5D /* CovidVC.swift */ = {isa = PBXFileReference; lastKnownFileType = sourcecode.swift; path = CovidVC.swift; sourceTree = "<group>"; };
		E6E160B925FCA0AF00F45F5D /* Extensions.swift */ = {isa = PBXFileReference; lastKnownFileType = sourcecode.swift; path = Extensions.swift; sourceTree = "<group>"; };
/* End PBXFileReference section */

/* Begin PBXFrameworksBuildPhase section */
		E4AB851125F67273006A0336 /* Frameworks */ = {
			isa = PBXFrameworksBuildPhase;
			buildActionMask = 2147483647;
			files = (
			);
			runOnlyForDeploymentPostprocessing = 0;
		};
/* End PBXFrameworksBuildPhase section */

/* Begin PBXGroup section */
		E4AB850B25F67273006A0336 = {
			isa = PBXGroup;
			children = (
				E4AB851625F67273006A0336 /* TestApi */,
				E4AB851525F67273006A0336 /* Products */,
			);
			sourceTree = "<group>";
		};
		E4AB851525F67273006A0336 /* Products */ = {
			isa = PBXGroup;
			children = (
				E4AB851425F67273006A0336 /* TestApi.app */,
			);
			name = Products;
			sourceTree = "<group>";
		};
		E4AB851625F67273006A0336 /* TestApi */ = {
			isa = PBXGroup;
			children = (
				E6E160C125FCACCD00F45F5D /* Network Service */,
				E6E160C025FCACB800F45F5D /* Extensions */,
				E6E160BF25FCACB000F45F5D /* Supporting Files */,
				E6E160BE25FCACA000F45F5D /* Model */,
				E6E160BD25FCAC9B00F45F5D /* View */,
				E6E160BC25FCAC8F00F45F5D /* Controller */,
			);
			path = TestApi;
			sourceTree = "<group>";
		};
		E6E160BC25FCAC8F00F45F5D /* Controller */ = {
			isa = PBXGroup;
			children = (
				E6E160B625FCA03900F45F5D /* CovidVC.swift */,
				E632C69D25FCED2800772AC6 /* PageVC.swift */,
				E632C6A125FCF68A00772AC6 /* ContentForPageVC.swift */,
				E6D250CA25FD3A95003EF7A9 /* CovidTVC.swift */,
			);
			path = Controller;
			sourceTree = "<group>";
		};
		E6E160BD25FCAC9B00F45F5D /* View */ = {
			isa = PBXGroup;
			children = (
				E435980E25FE694A005A0062 /* CovidTVCell.swift */,
				E435980B25FE6943005A0062 /* TableViewHeaderFooterView.swift */,
				E4AB851D25F67273006A0336 /* Covid.storyboard */,
			);
			path = View;
			sourceTree = "<group>";
		};
		E6E160BE25FCACA000F45F5D /* Model */ = {
			isa = PBXGroup;
			children = (
				E4AB852C25F673DD006A0336 /* Covid19Data.swift */,
			);
			path = Model;
			sourceTree = "<group>";
		};
		E6E160BF25FCACB000F45F5D /* Supporting Files */ = {
			isa = PBXGroup;
			children = (
				E4AB851725F67273006A0336 /* AppDelegate.swift */,
				E4AB851925F67273006A0336 /* SceneDelegate.swift */,
				E4AB852025F67275006A0336 /* Assets.xcassets */,
				E4AB852225F67275006A0336 /* LaunchScreen.storyboard */,
				E4AB852525F67275006A0336 /* Info.plist */,
				E6E160AE25FC943200F45F5D /* Constants.swift */,
			);
			path = "Supporting Files";
			sourceTree = "<group>";
		};
		E6E160C025FCACB800F45F5D /* Extensions */ = {
			isa = PBXGroup;
			children = (
				E6E160B925FCA0AF00F45F5D /* Extensions.swift */,
			);
			path = Extensions;
			sourceTree = "<group>";
		};
		E6E160C125FCACCD00F45F5D /* Network Service */ = {
			isa = PBXGroup;
			children = (
				E4AB853525F676E3006A0336 /* NetworkManager.swift */,
			);
			path = "Network Service";
			sourceTree = "<group>";
		};
/* End PBXGroup section */

/* Begin PBXNativeTarget section */
		E4AB851325F67273006A0336 /* TestApi */ = {
			isa = PBXNativeTarget;
			buildConfigurationList = E4AB852825F67275006A0336 /* Build configuration list for PBXNativeTarget "TestApi" */;
			buildPhases = (
				E4AB851025F67273006A0336 /* Sources */,
				E4AB851125F67273006A0336 /* Frameworks */,
				E4AB851225F67273006A0336 /* Resources */,
			);
			buildRules = (
			);
			dependencies = (
			);
			name = TestApi;
			productName = TestApi;
			productReference = E4AB851425F67273006A0336 /* TestApi.app */;
			productType = "com.apple.product-type.application";
		};
/* End PBXNativeTarget section */

/* Begin PBXProject section */
		E4AB850C25F67273006A0336 /* Project object */ = {
			isa = PBXProject;
			attributes = {
				LastSwiftUpdateCheck = 1240;
				LastUpgradeCheck = 1240;
				TargetAttributes = {
					E4AB851325F67273006A0336 = {
						CreatedOnToolsVersion = 12.4;
					};
				};
			};
			buildConfigurationList = E4AB850F25F67273006A0336 /* Build configuration list for PBXProject "TestApi" */;
			compatibilityVersion = "Xcode 9.3";
			developmentRegion = en;
			hasScannedForEncodings = 0;
			knownRegions = (
				en,
				Base,
			);
			mainGroup = E4AB850B25F67273006A0336;
			productRefGroup = E4AB851525F67273006A0336 /* Products */;
			projectDirPath = "";
			projectRoot = "";
			targets = (
				E4AB851325F67273006A0336 /* TestApi */,
			);
		};
/* End PBXProject section */

/* Begin PBXResourcesBuildPhase section */
		E4AB851225F67273006A0336 /* Resources */ = {
			isa = PBXResourcesBuildPhase;
			buildActionMask = 2147483647;
			files = (
				E4AB852425F67275006A0336 /* LaunchScreen.storyboard in Resources */,
				E4AB852125F67275006A0336 /* Assets.xcassets in Resources */,
				E4AB851F25F67273006A0336 /* Covid.storyboard in Resources */,
			);
			runOnlyForDeploymentPostprocessing = 0;
		};
/* End PBXResourcesBuildPhase section */

/* Begin PBXSourcesBuildPhase section */
		E4AB851025F67273006A0336 /* Sources */ = {
			isa = PBXSourcesBuildPhase;
			buildActionMask = 2147483647;
			files = (
				E4AB852D25F673DD006A0336 /* Covid19Data.swift in Sources */,
				E4AB851825F67273006A0336 /* AppDelegate.swift in Sources */,
				E6E160B725FCA03900F45F5D /* CovidVC.swift in Sources */,
				E632C6A225FCF68A00772AC6 /* ContentForPageVC.swift in Sources */,
				E4AB853625F676E3006A0336 /* NetworkManager.swift in Sources */,
				E4AB851A25F67273006A0336 /* SceneDelegate.swift in Sources */,
				E632C69E25FCED2800772AC6 /* PageVC.swift in Sources */,
				E435980C25FE6943005A0062 /* TableViewHeaderFooterView.swift in Sources */,
				E6E160AF25FC943200F45F5D /* Constants.swift in Sources */,
				E6E160BA25FCA0AF00F45F5D /* Extensions.swift in Sources */,
				E6D250CB25FD3A95003EF7A9 /* CovidTVC.swift in Sources */,
				E435980F25FE694A005A0062 /* CovidTVCell.swift in Sources */,
			);
			runOnlyForDeploymentPostprocessing = 0;
		};
/* End PBXSourcesBuildPhase section */

/* Begin PBXVariantGroup section */
		E4AB851D25F67273006A0336 /* Covid.storyboard */ = {
			isa = PBXVariantGroup;
			children = (
				E4AB851E25F67273006A0336 /* Base */,
			);
			name = Covid.storyboard;
			sourceTree = "<group>";
		};
		E4AB852225F67275006A0336 /* LaunchScreen.storyboard */ = {
			isa = PBXVariantGroup;
			children = (
				E4AB852325F67275006A0336 /* Base */,
			);
			name = LaunchScreen.storyboard;
			sourceTree = "<group>";
		};
/* End PBXVariantGroup section */

/* Begin XCBuildConfiguration section */
		E4AB852625F67275006A0336 /* Debug */ = {
			isa = XCBuildConfiguration;
			buildSettings = {
				ALWAYS_SEARCH_USER_PATHS = NO;
				CLANG_ANALYZER_NONNULL = YES;
				CLANG_ANALYZER_NUMBER_OBJECT_CONVERSION = YES_AGGRESSIVE;
				CLANG_CXX_LANGUAGE_STANDARD = "gnu++14";
				CLANG_CXX_LIBRARY = "libc++";
				CLANG_ENABLE_MODULES = YES;
				CLANG_ENABLE_OBJC_ARC = YES;
				CLANG_ENABLE_OBJC_WEAK = YES;
				CLANG_WARN_BLOCK_CAPTURE_AUTORELEASING = YES;
				CLANG_WARN_BOOL_CONVERSION = YES;
				CLANG_WARN_COMMA = YES;
				CLANG_WARN_CONSTANT_CONVERSION = YES;
				CLANG_WARN_DEPRECATED_OBJC_IMPLEMENTATIONS = YES;
				CLANG_WARN_DIRECT_OBJC_ISA_USAGE = YES_ERROR;
				CLANG_WARN_DOCUMENTATION_COMMENTS = YES;
				CLANG_WARN_EMPTY_BODY = YES;
				CLANG_WARN_ENUM_CONVERSION = YES;
				CLANG_WARN_INFINITE_RECURSION = YES;
				CLANG_WARN_INT_CONVERSION = YES;
				CLANG_WARN_NON_LITERAL_NULL_CONVERSION = YES;
				CLANG_WARN_OBJC_IMPLICIT_RETAIN_SELF = YES;
				CLANG_WARN_OBJC_LITERAL_CONVERSION = YES;
				CLANG_WARN_OBJC_ROOT_CLASS = YES_ERROR;
				CLANG_WARN_QUOTED_INCLUDE_IN_FRAMEWORK_HEADER = YES;
				CLANG_WARN_RANGE_LOOP_ANALYSIS = YES;
				CLANG_WARN_STRICT_PROTOTYPES = YES;
				CLANG_WARN_SUSPICIOUS_MOVE = YES;
				CLANG_WARN_UNGUARDED_AVAILABILITY = YES_AGGRESSIVE;
				CLANG_WARN_UNREACHABLE_CODE = YES;
				CLANG_WARN__DUPLICATE_METHOD_MATCH = YES;
				COPY_PHASE_STRIP = NO;
				DEBUG_INFORMATION_FORMAT = dwarf;
				ENABLE_STRICT_OBJC_MSGSEND = YES;
				ENABLE_TESTABILITY = YES;
				GCC_C_LANGUAGE_STANDARD = gnu11;
				GCC_DYNAMIC_NO_PIC = NO;
				GCC_NO_COMMON_BLOCKS = YES;
				GCC_OPTIMIZATION_LEVEL = 0;
				GCC_PREPROCESSOR_DEFINITIONS = (
					"DEBUG=1",
					"$(inherited)",
				);
				GCC_WARN_64_TO_32_BIT_CONVERSION = YES;
				GCC_WARN_ABOUT_RETURN_TYPE = YES_ERROR;
				GCC_WARN_UNDECLARED_SELECTOR = YES;
				GCC_WARN_UNINITIALIZED_AUTOS = YES_AGGRESSIVE;
				GCC_WARN_UNUSED_FUNCTION = YES;
				GCC_WARN_UNUSED_VARIABLE = YES;
				IPHONEOS_DEPLOYMENT_TARGET = 14.4;
				MTL_ENABLE_DEBUG_INFO = INCLUDE_SOURCE;
				MTL_FAST_MATH = YES;
				ONLY_ACTIVE_ARCH = YES;
				SDKROOT = iphoneos;
				SWIFT_ACTIVE_COMPILATION_CONDITIONS = DEBUG;
				SWIFT_OPTIMIZATION_LEVEL = "-Onone";
			};
			name = Debug;
		};
		E4AB852725F67275006A0336 /* Release */ = {
			isa = XCBuildConfiguration;
			buildSettings = {
				ALWAYS_SEARCH_USER_PATHS = NO;
				CLANG_ANALYZER_NONNULL = YES;
				CLANG_ANALYZER_NUMBER_OBJECT_CONVERSION = YES_AGGRESSIVE;
				CLANG_CXX_LANGUAGE_STANDARD = "gnu++14";
				CLANG_CXX_LIBRARY = "libc++";
				CLANG_ENABLE_MODULES = YES;
				CLANG_ENABLE_OBJC_ARC = YES;
				CLANG_ENABLE_OBJC_WEAK = YES;
				CLANG_WARN_BLOCK_CAPTURE_AUTORELEASING = YES;
				CLANG_WARN_BOOL_CONVERSION = YES;
				CLANG_WARN_COMMA = YES;
				CLANG_WARN_CONSTANT_CONVERSION = YES;
				CLANG_WARN_DEPRECATED_OBJC_IMPLEMENTATIONS = YES;
				CLANG_WARN_DIRECT_OBJC_ISA_USAGE = YES_ERROR;
				CLANG_WARN_DOCUMENTATION_COMMENTS = YES;
				CLANG_WARN_EMPTY_BODY = YES;
				CLANG_WARN_ENUM_CONVERSION = YES;
				CLANG_WARN_INFINITE_RECURSION = YES;
				CLANG_WARN_INT_CONVERSION = YES;
				CLANG_WARN_NON_LITERAL_NULL_CONVERSION = YES;
				CLANG_WARN_OBJC_IMPLICIT_RETAIN_SELF = YES;
				CLANG_WARN_OBJC_LITERAL_CONVERSION = YES;
				CLANG_WARN_OBJC_ROOT_CLASS = YES_ERROR;
				CLANG_WARN_QUOTED_INCLUDE_IN_FRAMEWORK_HEADER = YES;
				CLANG_WARN_RANGE_LOOP_ANALYSIS = YES;
				CLANG_WARN_STRICT_PROTOTYPES = YES;
				CLANG_WARN_SUSPICIOUS_MOVE = YES;
				CLANG_WARN_UNGUARDED_AVAILABILITY = YES_AGGRESSIVE;
				CLANG_WARN_UNREACHABLE_CODE = YES;
				CLANG_WARN__DUPLICATE_METHOD_MATCH = YES;
				COPY_PHASE_STRIP = NO;
				DEBUG_INFORMATION_FORMAT = "dwarf-with-dsym";
				ENABLE_NS_ASSERTIONS = NO;
				ENABLE_STRICT_OBJC_MSGSEND = YES;
				GCC_C_LANGUAGE_STANDARD = gnu11;
				GCC_NO_COMMON_BLOCKS = YES;
				GCC_WARN_64_TO_32_BIT_CONVERSION = YES;
				GCC_WARN_ABOUT_RETURN_TYPE = YES_ERROR;
				GCC_WARN_UNDECLARED_SELECTOR = YES;
				GCC_WARN_UNINITIALIZED_AUTOS = YES_AGGRESSIVE;
				GCC_WARN_UNUSED_FUNCTION = YES;
				GCC_WARN_UNUSED_VARIABLE = YES;
				IPHONEOS_DEPLOYMENT_TARGET = 14.4;
				MTL_ENABLE_DEBUG_INFO = NO;
				MTL_FAST_MATH = YES;
				SDKROOT = iphoneos;
				SWIFT_COMPILATION_MODE = wholemodule;
				SWIFT_OPTIMIZATION_LEVEL = "-O";
				VALIDATE_PRODUCT = YES;
			};
			name = Release;
		};
		E4AB852925F67275006A0336 /* Debug */ = {
			isa = XCBuildConfiguration;
			buildSettings = {
				ASSETCATALOG_COMPILER_APPICON_NAME = AppIcon;
				ASSETCATALOG_COMPILER_GLOBAL_ACCENT_COLOR_NAME = AccentColor;
				CODE_SIGN_STYLE = Automatic;
				DEVELOPMENT_TEAM = PZFHJR9YRZ;
				INFOPLIST_FILE = "TestApi/Supporting Files/Info.plist";
				LD_RUNPATH_SEARCH_PATHS = (
					"$(inherited)",
					"@executable_path/Frameworks",
				);
				PRODUCT_BUNDLE_IDENTIFIER = ru..TestApi;
				PRODUCT_NAME = "$(TARGET_NAME)";
				SWIFT_VERSION = 5.0;
				TARGETED_DEVICE_FAMILY = "1,2";
			};
			name = Debug;
		};
		E4AB852A25F67275006A0336 /* Release */ = {
			isa = XCBuildConfiguration;
			buildSettings = {
				ASSETCATALOG_COMPILER_APPICON_NAME = AppIcon;
				ASSETCATALOG_COMPILER_GLOBAL_ACCENT_COLOR_NAME = AccentColor;
				CODE_SIGN_STYLE = Automatic;
				DEVELOPMENT_TEAM = PZFHJR9YRZ;
				INFOPLIST_FILE = "TestApi/Supporting Files/Info.plist";
				LD_RUNPATH_SEARCH_PATHS = (
					"$(inherited)",
					"@executable_path/Frameworks",
				);
				PRODUCT_BUNDLE_IDENTIFIER = ru..TestApi;
				PRODUCT_NAME = "$(TARGET_NAME)";
				SWIFT_VERSION = 5.0;
				TARGETED_DEVICE_FAMILY = "1,2";
			};
			name = Release;
		};
/* End XCBuildConfiguration section */

/* Begin XCConfigurationList section */
		E4AB850F25F67273006A0336 /* Build configuration list for PBXProject "TestApi" */ = {
			isa = XCConfigurationList;
			buildConfigurations = (
				E4AB852625F67275006A0336 /* Debug */,
				E4AB852725F67275006A0336 /* Release */,
			);
			defaultConfigurationIsVisible = 0;
			defaultConfigurationName = Release;
		};
		E4AB852825F67275006A0336 /* Build configuration list for PBXNativeTarget "TestApi" */ = {
			isa = XCConfigurationList;
			buildConfigurations = (
				E4AB852925F67275006A0336 /* Debug */,
				E4AB852A25F67275006A0336 /* Release */,
			);
			defaultConfigurationIsVisible = 0;
			defaultConfigurationName = Release;
		};
/* End XCConfigurationList section */
	};
	rootObject = E4AB850C25F67273006A0336 /* Project object */;
}
